<Solution>
  <Project Path="AzureKinectExamples.csproj" />
  <Project Path="PrimeTween.Demo.csproj" />
  <Project Path="Application.csproj" />
  <Project Path="Unity.XR.Interaction.Toolkit.Samples.StarterAssets.csproj" />
  <Project Path="UISwitcherEditor.csproj" />
  <Project Path="Unity.XR.Interaction.Toolkit.Samples.StarterAssets.Editor.csproj" />
  <Project Path="NewAssembly.csproj" />
  <Project Path="UISwitcher.csproj" />
  <Project Path="PrimeTween.Debug.csproj" />
  <Project Path="Unity.RenderPipelines.Universal.Config.Editor.Tests.csproj" />
  <Project Path="Assembly-CSharp.csproj" />
  <Project Path="PrimeTween.Installer.csproj" />
  <Project Path="Unity.RenderPipelines.Universal.Config.Runtime.csproj" />
</Solution>
